// !$*UTF8*$!
{
	archiveVersion = 1;
	classes = {
	};
	objectVersion = 56;
	objects = {

/* Begin PBXBuildFile section */
		890D84852AA29F8400F1613D /* AppDelegate.swift in Sources */ = {isa = PBXBuildFile; fileRef = 890D84842AA29F8400F1613D /* AppDelegate.swift */; };
		890D84872AA29F8400F1613D /* SceneDelegate.swift in Sources */ = {isa = PBXBuildFile; fileRef = 890D84862AA29F8400F1613D /* SceneDelegate.swift */; };
		890D84892AA29F8400F1613D /* ViewController.swift in Sources */ = {isa = PBXBuildFile; fileRef = 890D84882AA29F8400F1613D /* ViewController.swift */; };
		890D848C2AA29F8400F1613D /* Main.storyboard in Resources */ = {isa = PBXBuildFile; fileRef = 890D848A2AA29F8400F1613D /* Main.storyboard */; };
		890D848E2AA29F8600F1613D /* Assets.xcassets in Resources */ = {isa = PBXBuildFile; fileRef = 890D848D2AA29F8600F1613D /* Assets.xcassets */; };
		890D84912AA29F8600F1613D /* LaunchScreen.storyboard in Resources */ = {isa = PBXBuildFile; fileRef = 890D848F2AA29F8600F1613D /* LaunchScreen.storyboard */; };
		890D849C2AA29F8700F1613D /* testTests.swift in Sources */ = {isa = PBXBuildFile; fileRef = 890D849B2AA29F8700F1613D /* testTests.swift */; };
		890D84A62AA29F8700F1613D /* testUITests.swift in Sources */ = {isa = PBXBuildFile; fileRef = 890D84A52AA29F8700F1613D /* testUITests.swift */; };
		890D84A82AA29F8700F1613D /* testUITestsLaunchTests.swift in Sources */ = {isa = PBXBuildFile; fileRef = 890D84A72AA29F8700F1613D /* testUITestsLaunchTests.swift */; };
/* End PBXBuildFile section */

/* Begin PBXContainerItemProxy section */
		890D84982AA29F8700F1613D /* PBXContainerItemProxy */ = {
			isa = PBXContainerItemProxy;
			containerPortal = 890D84792AA29F8400F1613D /* Project object */;
			proxyType = 1;
			remoteGlobalIDString = 890D84802AA29F8400F1613D;
			remoteInfo = test;
		};
		890D84A22AA29F8700F1613D /* PBXContainerItemProxy */ = {
			isa = PBXContainerItemProxy;
			containerPortal = 890D84792AA29F8400F1613D /* Project object */;
			proxyType = 1;
			remoteGlobalIDString = 890D84802AA29F8400F1613D;
			remoteInfo = test;
		};
/* End PBXContainerItemProxy section */

/* Begin PBXFileReference section */
		890D84812AA29F8400F1613D /* test.app */ = {isa = PBXFileReference; explicitFileType = wrapper.application; includeInIndex = 0; path = test.app; sourceTree = BUILT_PRODUCTS_DIR; };
		890D84842AA29F8400F1613D /* AppDelegate.swift */ = {isa = PBXFileReference; lastKnownFileType = sourcecode.swift; path = AppDelegate.swift; sourceTree = "<group>"; };
		890D84862AA29F8400F1613D /* SceneDelegate.swift */ = {isa = PBXFileReference; lastKnownFileType = sourcecode.swift; path = SceneDelegate.swift; sourceTree = "<group>"; };
		890D84882AA29F8400F1613D /* ViewController.swift */ = {isa = PBXFileReference; lastKnownFileType = sourcecode.swift; path = ViewController.swift; sourceTree = "<group>"; };
		890D848B2AA29F8400F1613D /* Base */ = {isa = PBXFileReference; lastKnownFileType = file.storyboard; name = Base; path = Base.lproj/Main.storyboard; sourceTree = "<group>"; };
		890D848D2AA29F8600F1613D /* Assets.xcassets */ = {isa = PBXFileReference; lastKnownFileType = folder.assetcatalog; path = Assets.xcassets; sourceTree = "<group>"; };
		890D84902AA29F8600F1613D /* Base */ = {isa = PBXFileReference; lastKnownFileType = file.storyboard; name = Base; path = Base.lproj/LaunchScreen.storyboard; sourceTree = "<group>"; };
		890D84922AA29F8700F1613D /* Info.plist */ = {isa = PBXFileReference; lastKnownFileType = text.plist.xml; path = Info.plist; sourceTree = "<group>"; };
		890D84972AA29F8700F1613D /* testTests.xctest */ = {isa = PBXFileReference; explicitFileType = wrapper.cfbundle; includeInIndex = 0; path = testTests.xctest; sourceTree = BUILT_PRODUCTS_DIR; };
		890D849B2AA29F8700F1613D /* testTests.swift */ = {isa = PBXFileReference; lastKnownFileType = sourcecode.swift; path = testTests.swift; sourceTree = "<group>"; };
		890D84A12AA29F8700F1613D /* testUITests.xctest */ = {isa = PBXFileReference; explicitFileType = wrapper.cfbundle; includeInIndex = 0; path = testUITests.xctest; sourceTree = BUILT_PRODUCTS_DIR; };
		890D84A52AA29F8700F1613D /* testUITests.swift */ = {isa = PBXFileReference; lastKnownFileType = sourcecode.swift; path = testUITests.swift; sourceTree = "<group>"; };
		890D84A72AA29F8700F1613D /* testUITestsLaunchTests.swift */ = {isa = PBXFileReference; lastKnownFileType = sourcecode.swift; path = testUITestsLaunchTests.swift; sourceTree = "<group>"; };
/* End PBXFileReference section */

/* Begin PBXFrameworksBuildPhase section */
		890D847E2AA29F8400F1613D /* Frameworks */ = {
			isa = PBXFrameworksBuildPhase;
			buildActionMask = 2147483647;
			files = (
			);
			runOnlyForDeploymentPostprocessing = 0;
		};
		890D84942AA29F8700F1613D /* Frameworks */ = {
			isa = PBXFrameworksBuildPhase;
			buildActionMask = 2147483647;
			files = (
			);
			runOnlyForDeploymentPostprocessing = 0;
		};
		890D849E2AA29F8700F1613D /* Frameworks */ = {
			isa = PBXFrameworksBuildPhase;
			buildActionMask = 2147483647;
			files = (
			);
			runOnlyForDeploymentPostprocessing = 0;
		};
/* End PBXFrameworksBuildPhase section */

/* Begin PBXGroup section */
		890D84782AA29F8400F1613D = {
			isa = PBXGroup;
			children = (
				890D84832AA29F8400F1613D /* test */,
				890D849A2AA29F8700F1613D /* testTests */,
				890D84A42AA29F8700F1613D /* testUITests */,
				890D84822AA29F8400F1613D /* Products */,
			);
			sourceTree = "<group>";
		};
		890D84822AA29F8400F1613D /* Products */ = {
			isa = PBXGroup;
			children = (
				890D84812AA29F8400F1613D /* test.app */,
				890D84972AA29F8700F1613D /* testTests.xctest */,
				890D84A12AA29F8700F1613D /* testUITests.xctest */,
			);
			name = Products;
			sourceTree = "<group>";
		};
		890D84832AA29F8400F1613D /* test */ = {
			isa = PBXGroup;
			children = (
				890D84842AA29F8400F1613D /* AppDelegate.swift */,
				890D84862AA29F8400F1613D /* SceneDelegate.swift */,
				890D84882AA29F8400F1613D /* ViewController.swift */,
				890D848A2AA29F8400F1613D /* Main.storyboard */,
				890D848D2AA29F8600F1613D /* Assets.xcassets */,
				890D848F2AA29F8600F1613D /* LaunchScreen.storyboard */,
				890D84922AA29F8700F1613D /* Info.plist */,
			);
			path = test;
			sourceTree = "<group>";
		};
		890D849A2AA29F8700F1613D /* testTests */ = {
			isa = PBXGroup;
			children = (
				890D849B2AA29F8700F1613D /* testTests.swift */,
			);
			path = testTests;
			sourceTree = "<group>";
		};
		890D84A42AA29F8700F1613D /* testUITests */ = {
			isa = PBXGroup;
			children = (
				890D84A52AA29F8700F1613D /* testUITests.swift */,
				890D84A72AA29F8700F1613D /* testUITestsLaunchTests.swift */,
			);
			path = testUITests;
			sourceTree = "<group>";
		};
/* End PBXGroup section */

/* Begin PBXNativeTarget section */
		890D84802AA29F8400F1613D /* test */ = {
			isa = PBXNativeTarget;
			buildConfigurationList = 890D84AB2AA29F8700F1613D /* Build configuration list for PBXNativeTarget "test" */;
			buildPhases = (
				890D847D2AA29F8400F1613D /* Sources */,
				890D847E2AA29F8400F1613D /* Frameworks */,
				890D847F2AA29F8400F1613D /* Resources */,
			);
			buildRules = (
			);
			dependencies = (
			);
			name = test;
			productName = test;
			productReference = 890D84812AA29F8400F1613D /* test.app */;
			productType = "com.apple.product-type.application";
		};
		890D84962AA29F8700F1613D /* testTests */ = {
			isa = PBXNativeTarget;
			buildConfigurationList = 890D84AE2AA29F8700F1613D /* Build configuration list for PBXNativeTarget "testTests" */;
			buildPhases = (
				890D84932AA29F8700F1613D /* Sources */,
				890D84942AA29F8700F1613D /* Frameworks */,
				890D84952AA29F8700F1613D /* Resources */,
			);
			buildRules = (
			);
			dependencies = (
				890D84992AA29F8700F1613D /* PBXTargetDependency */,
			);
			name = testTests;
			productName = testTests;
			productReference = 890D84972AA29F8700F1613D /* testTests.xctest */;
			productType = "com.apple.product-type.bundle.unit-test";
		};
		890D84A02AA29F8700F1613D /* testUITests */ = {
			isa = PBXNativeTarget;
			buildConfigurationList = 890D84B12AA29F8700F1613D /* Build configuration list for PBXNativeTarget "testUITests" */;
			buildPhases = (
				890D849D2AA29F8700F1613D /* Sources */,
				890D849E2AA29F8700F1613D /* Frameworks */,
				890D849F2AA29F8700F1613D /* Resources */,
			);
			buildRules = (
			);
			dependencies = (
				890D84A32AA29F8700F1613D /* PBXTargetDependency */,
			);
			name = testUITests;
			productName = testUITests;
			productReference = 890D84A12AA29F8700F1613D /* testUITests.xctest */;
			productType = "com.apple.product-type.bundle.ui-testing";
		};
/* End PBXNativeTarget section */

/* Begin PBXProject section */
		890D84792AA29F8400F1613D /* Project object */ = {
			isa = PBXProject;
			attributes = {
				BuildIndependentTargetsInParallel = 1;
				LastSwiftUpdateCheck = 1430;
				LastUpgradeCheck = 1430;
				TargetAttributes = {
					890D84802AA29F8400F1613D = {
						CreatedOnToolsVersion = 14.3.1;
					};
					890D84962AA29F8700F1613D = {
						CreatedOnToolsVersion = 14.3.1;
						TestTargetID = 890D84802AA29F8400F1613D;
					};
					890D84A02AA29F8700F1613D = {
						CreatedOnToolsVersion = 14.3.1;
						TestTargetID = 890D84802AA29F8400F1613D;
					};
				};
			};
			buildConfigurationList = 890D847C2AA29F8400F1613D /* Build configuration list for PBXProject "test" */;
			compatibilityVersion = "Xcode 14.0";
			developmentRegion = en;
			hasScannedForEncodings = 0;
			knownRegions = (
				en,
				Base,
			);
			mainGroup = 890D84782AA29F8400F1613D;
			productRefGroup = 890D84822AA29F8400F1613D /* Products */;
			projectDirPath = "";
			projectRoot = "";
			targets = (
				890D84802AA29F8400F1613D /* test */,
				890D84962AA29F8700F1613D /* testTests */,
				890D84A02AA29F8700F1613D /* testUITests */,
			);
		};
/* End PBXProject section */

/* Begin PBXResourcesBuildPhase section */
		890D847F2AA29F8400F1613D /* Resources */ = {
			isa = PBXResourcesBuildPhase;
			buildActionMask = 2147483647;
			files = (
				890D84912AA29F8600F1613D /* LaunchScreen.storyboard in Resources */,
				890D848E2AA29F8600F1613D /* Assets.xcassets in Resources */,
				890D848C2AA29F8400F1613D /* Main.storyboard in Resources */,
			);
			runOnlyForDeploymentPostprocessing = 0;
		};
		890D84952AA29F8700F1613D /* Resources */ = {
			isa = PBXResourcesBuildPhase;
			buildActionMask = 2147483647;
			files = (
			);
			runOnlyForDeploymentPostprocessing = 0;
		};
		890D849F2AA29F8700F1613D /* Resources */ = {
			isa = PBXResourcesBuildPhase;
			buildActionMask = 2147483647;
			files = (
			);
			runOnlyForDeploymentPostprocessing = 0;
		};
/* End PBXResourcesBuildPhase section */

/* Begin PBXSourcesBuildPhase section */
		890D847D2AA29F8400F1613D /* Sources */ = {
			isa = PBXSourcesBuildPhase;
			buildActionMask = 2147483647;
			files = (
				890D84892AA29F8400F1613D /* ViewController.swift in Sources */,
				890D84852AA29F8400F1613D /* AppDelegate.swift in Sources */,
				890D84872AA29F8400F1613D /* SceneDelegate.swift in Sources */,
			);
			runOnlyForDeploymentPostprocessing = 0;
		};
		890D84932AA29F8700F1613D /* Sources */ = {
			isa = PBXSourcesBuildPhase;
			buildActionMask = 2147483647;
			files = (
				890D849C2AA29F8700F1613D /* testTests.swift in Sources */,
			);
			runOnlyForDeploymentPostprocessing = 0;
		};
		890D849D2AA29F8700F1613D /* Sources */ = {
			isa = PBXSourcesBuildPhase;
			buildActionMask = 2147483647;
			files = (
				890D84A82AA29F8700F1613D /* testUITestsLaunchTests.swift in Sources */,
				890D84A62AA29F8700F1613D /* testUITests.swift in Sources */,
			);
			runOnlyForDeploymentPostprocessing = 0;
		};
/* End PBXSourcesBuildPhase section */

/* Begin PBXTargetDependency section */
		890D84992AA29F8700F1613D /* PBXTargetDependency */ = {
			isa = PBXTargetDependency;
			target = 890D84802AA29F8400F1613D /* test */;
			targetProxy = 890D84982AA29F8700F1613D /* PBXContainerItemProxy */;
		};
		890D84A32AA29F8700F1613D /* PBXTargetDependency */ = {
			isa = PBXTargetDependency;
			target = 890D84802AA29F8400F1613D /* test */;
			targetProxy = 890D84A22AA29F8700F1613D /* PBXContainerItemProxy */;
		};
/* End PBXTargetDependency section */

/* Begin PBXVariantGroup section */
		890D848A2AA29F8400F1613D /* Main.storyboard */ = {
			isa = PBXVariantGroup;
			children = (
				890D848B2AA29F8400F1613D /* Base */,
			);
			name = Main.storyboard;
			sourceTree = "<group>";
		};
		890D848F2AA29F8600F1613D /* LaunchScreen.storyboard */ = {
			isa = PBXVariantGroup;
			children = (
				890D84902AA29F8600F1613D /* Base */,
			);
			name = LaunchScreen.storyboard;
			sourceTree = "<group>";
		};
/* End PBXVariantGroup section */

/* Begin XCBuildConfiguration section */
		890D84A92AA29F8700F1613D /* Debug */ = {
			isa = XCBuildConfiguration;
			buildSettings = {
				ALWAYS_SEARCH_USER_PATHS = NO;
				CLANG_ANALYZER_NONNULL = YES;
				CLANG_ANALYZER_NUMBER_OBJECT_CONVERSION = YES_AGGRESSIVE;
				CLANG_CXX_LANGUAGE_STANDARD = "gnu++20";
				CLANG_ENABLE_MODULES = YES;
				CLANG_ENABLE_OBJC_ARC = YES;
				CLANG_ENABLE_OBJC_WEAK = YES;
				CLANG_WARN_BLOCK_CAPTURE_AUTORELEASING = YES;
				CLANG_WARN_BOOL_CONVERSION = YES;
				CLANG_WARN_COMMA = YES;
				CLANG_WARN_CONSTANT_CONVERSION = YES;
				CLANG_WARN_DEPRECATED_OBJC_IMPLEMENTATIONS = YES;
				CLANG_WARN_DIRECT_OBJC_ISA_USAGE = YES_ERROR;
				CLANG_WARN_DOCUMENTATION_COMMENTS = YES;
				CLANG_WARN_EMPTY_BODY = YES;
				CLANG_WARN_ENUM_CONVERSION = YES;
				CLANG_WARN_INFINITE_RECURSION = YES;
				CLANG_WARN_INT_CONVERSION = YES;
				CLANG_WARN_NON_LITERAL_NULL_CONVERSION = YES;
				CLANG_WARN_OBJC_IMPLICIT_RETAIN_SELF = YES;
				CLANG_WARN_OBJC_LITERAL_CONVERSION = YES;
				CLANG_WARN_OBJC_ROOT_CLASS = YES_ERROR;
				CLANG_WARN_QUOTED_INCLUDE_IN_FRAMEWORK_HEADER = YES;
				CLANG_WARN_RANGE_LOOP_ANALYSIS = YES;
				CLANG_WARN_STRICT_PROTOTYPES = YES;
				CLANG_WARN_SUSPICIOUS_MOVE = YES;
				CLANG_WARN_UNGUARDED_AVAILABILITY = YES_AGGRESSIVE;
				CLANG_WARN_UNREACHABLE_CODE = YES;
				CLANG_WARN__DUPLICATE_METHOD_MATCH = YES;
				COPY_PHASE_STRIP = NO;
				DEBUG_INFORMATION_FORMAT = dwarf;
				ENABLE_STRICT_OBJC_MSGSEND = YES;
				ENABLE_TESTABILITY = YES;
				GCC_C_LANGUAGE_STANDARD = gnu11;
				GCC_DYNAMIC_NO_PIC = NO;
				GCC_NO_COMMON_BLOCKS = YES;
				GCC_OPTIMIZATION_LEVEL = 0;
				GCC_PREPROCESSOR_DEFINITIONS = (
					"DEBUG=1",
					"$(inherited)",
				);
				GCC_WARN_64_TO_32_BIT_CONVERSION = YES;
				GCC_WARN_ABOUT_RETURN_TYPE = YES_ERROR;
				GCC_WARN_UNDECLARED_SELECTOR = YES;
				GCC_WARN_UNINITIALIZED_AUTOS = YES_AGGRESSIVE;
				GCC_WARN_UNUSED_FUNCTION = YES;
				GCC_WARN_UNUSED_VARIABLE = YES;
				IPHONEOS_DEPLOYMENT_TARGET = 16.4;
				MTL_ENABLE_DEBUG_INFO = INCLUDE_SOURCE;
				MTL_FAST_MATH = YES;
				ONLY_ACTIVE_ARCH = YES;
				SDKROOT = iphoneos;
				SWIFT_ACTIVE_COMPILATION_CONDITIONS = DEBUG;
				SWIFT_OPTIMIZATION_LEVEL = "-Onone";
			};
			name = Debug;
		};
		890D84AA2AA29F8700F1613D /* Release */ = {
			isa = XCBuildConfiguration;
			buildSettings = {
				ALWAYS_SEARCH_USER_PATHS = NO;
				CLANG_ANALYZER_NONNULL = YES;
				CLANG_ANALYZER_NUMBER_OBJECT_CONVERSION = YES_AGGRESSIVE;
				CLANG_CXX_LANGUAGE_STANDARD = "gnu++20";
				CLANG_ENABLE_MODULES = YES;
				CLANG_ENABLE_OBJC_ARC = YES;
				CLANG_ENABLE_OBJC_WEAK = YES;
				CLANG_WARN_BLOCK_CAPTURE_AUTORELEASING = YES;
				CLANG_WARN_BOOL_CONVERSION = YES;
				CLANG_WARN_COMMA = YES;
				CLANG_WARN_CONSTANT_CONVERSION = YES;
				CLANG_WARN_DEPRECATED_OBJC_IMPLEMENTATIONS = YES;
				CLANG_WARN_DIRECT_OBJC_ISA_USAGE = YES_ERROR;
				CLANG_WARN_DOCUMENTATION_COMMENTS = YES;
				CLANG_WARN_EMPTY_BODY = YES;
				CLANG_WARN_ENUM_CONVERSION = YES;
				CLANG_WARN_INFINITE_RECURSION = YES;
				CLANG_WARN_INT_CONVERSION = YES;
				CLANG_WARN_NON_LITERAL_NULL_CONVERSION = YES;
				CLANG_WARN_OBJC_IMPLICIT_RETAIN_SELF = YES;
				CLANG_WARN_OBJC_LITERAL_CONVERSION = YES;
				CLANG_WARN_OBJC_ROOT_CLASS = YES_ERROR;
				CLANG_WARN_QUOTED_INCLUDE_IN_FRAMEWORK_HEADER = YES;
				CLANG_WARN_RANGE_LOOP_ANALYSIS = YES;
				CLANG_WARN_STRICT_PROTOTYPES = YES;
				CLANG_WARN_SUSPICIOUS_MOVE = YES;
				CLANG_WARN_UNGUARDED_AVAILABILITY = YES_AGGRESSIVE;
				CLANG_WARN_UNREACHABLE_CODE = YES;
				CLANG_WARN__DUPLICATE_METHOD_MATCH = YES;
				COPY_PHASE_STRIP = NO;
				DEBUG_INFORMATION_FORMAT = "dwarf-with-dsym";
				ENABLE_NS_ASSERTIONS = NO;
				ENABLE_STRICT_OBJC_MSGSEND = YES;
				GCC_C_LANGUAGE_STANDARD = gnu11;
				GCC_NO_COMMON_BLOCKS = YES;
				GCC_WARN_64_TO_32_BIT_CONVERSION = YES;
				GCC_WARN_ABOUT_RETURN_TYPE = YES_ERROR;
				GCC_WARN_UNDECLARED_SELECTOR = YES;
				GCC_WARN_UNINITIALIZED_AUTOS = YES_AGGRESSIVE;
				GCC_WARN_UNUSED_FUNCTION = YES;
				GCC_WARN_UNUSED_VARIABLE = YES;
				IPHONEOS_DEPLOYMENT_TARGET = 16.4;
				MTL_ENABLE_DEBUG_INFO = NO;
				MTL_FAST_MATH = YES;
				SDKROOT = iphoneos;
				SWIFT_COMPILATION_MODE = wholemodule;
				SWIFT_OPTIMIZATION_LEVEL = "-O";
				VALIDATE_PRODUCT = YES;
			};
			name = Release;
		};
		890D84AC2AA29F8700F1613D /* Debug */ = {
			isa = XCBuildConfiguration;
			buildSettings = {
				ASSETCATALOG_COMPILER_APPICON_NAME = AppIcon;
				ASSETCATALOG_COMPILER_GLOBAL_ACCENT_COLOR_NAME = AccentColor;
				CODE_SIGN_STYLE = Automatic;
				CURRENT_PROJECT_VERSION = 1;
				DEVELOPMENT_TEAM = H9WARS8UA5;
				GENERATE_INFOPLIST_FILE = YES;
				INFOPLIST_FILE = test/Info.plist;
				INFOPLIST_KEY_UIApplicationSupportsIndirectInputEvents = YES;
				INFOPLIST_KEY_UILaunchStoryboardName = LaunchScreen;
				INFOPLIST_KEY_UIMainStoryboardFile = Main;
				INFOPLIST_KEY_UISupportedInterfaceOrientations_iPad = "UIInterfaceOrientationPortrait UIInterfaceOrientationPortraitUpsideDown UIInterfaceOrientationLandscapeLeft UIInterfaceOrientationLandscapeRight";
				INFOPLIST_KEY_UISupportedInterfaceOrientations_iPhone = "UIInterfaceOrientationPortrait UIInterfaceOrientationLandscapeLeft UIInterfaceOrientationLandscapeRight";
				LD_RUNPATH_SEARCH_PATHS = (
					"$(inherited)",
					"@executable_path/Frameworks",
				);
				MARKETING_VERSION = 1.0;
				PRODUCT_BUNDLE_IDENTIFIER = com.murasdev.test;
				PRODUCT_NAME = "$(TARGET_NAME)";
				SWIFT_EMIT_LOC_STRINGS = YES;
				SWIFT_VERSION = 5.0;
				TARGETED_DEVICE_FAMILY = "1,2";
			};
			name = Debug;
		};
		890D84AD2AA29F8700F1613D /* Release */ = {
			isa = XCBuildConfiguration;
			buildSettings = {
				ASSETCATALOG_COMPILER_APPICON_NAME = AppIcon;
				ASSETCATALOG_COMPILER_GLOBAL_ACCENT_COLOR_NAME = AccentColor;
				CODE_SIGN_STYLE = Automatic;
				CURRENT_PROJECT_VERSION = 1;
				DEVELOPMENT_TEAM = H9WARS8UA5;
				GENERATE_INFOPLIST_FILE = YES;
				INFOPLIST_FILE = test/Info.plist;
				INFOPLIST_KEY_UIApplicationSupportsIndirectInputEvents = YES;
				INFOPLIST_KEY_UILaunchStoryboardName = LaunchScreen;
				INFOPLIST_KEY_UIMainStoryboardFile = Main;
				INFOPLIST_KEY_UISupportedInterfaceOrientations_iPad = "UIInterfaceOrientationPortrait UIInterfaceOrientationPortraitUpsideDown UIInterfaceOrientationLandscapeLeft UIInterfaceOrientationLandscapeRight";
				INFOPLIST_KEY_UISupportedInterfaceOrientations_iPhone = "UIInterfaceOrientationPortrait UIInterfaceOrientationLandscapeLeft UIInterfaceOrientationLandscapeRight";
				LD_RUNPATH_SEARCH_PATHS = (
					"$(inherited)",
					"@executable_path/Frameworks",
				);
				MARKETING_VERSION = 1.0;
				PRODUCT_BUNDLE_IDENTIFIER = com.murasdev.test;
				PRODUCT_NAME = "$(TARGET_NAME)";
				SWIFT_EMIT_LOC_STRINGS = YES;
				SWIFT_VERSION = 5.0;
				TARGETED_DEVICE_FAMILY = "1,2";
			};
			name = Release;
		};
		890D84AF2AA29F8700F1613D /* Debug */ = {
			isa = XCBuildConfiguration;
			buildSettings = {
				ALWAYS_EMBED_SWIFT_STANDARD_LIBRARIES = YES;
				BUNDLE_LOADER = "$(TEST_HOST)";
				CODE_SIGN_STYLE = Automatic;
				CURRENT_PROJECT_VERSION = 1;
				DEVELOPMENT_TEAM = H9WARS8UA5;
				GENERATE_INFOPLIST_FILE = YES;
				IPHONEOS_DEPLOYMENT_TARGET = 16.4;
				MARKETING_VERSION = 1.0;
				PRODUCT_BUNDLE_IDENTIFIER = com.murasdev.testTests;
				PRODUCT_NAME = "$(TARGET_NAME)";
				SWIFT_EMIT_LOC_STRINGS = NO;
				SWIFT_VERSION = 5.0;
				TARGETED_DEVICE_FAMILY = "1,2";
				TEST_HOST = "$(BUILT_PRODUCTS_DIR)/test.app/$(BUNDLE_EXECUTABLE_FOLDER_PATH)/test";
			};
			name = Debug;
		};
		890D84B02AA29F8700F1613D /* Release */ = {
			isa = XCBuildConfiguration;
			buildSettings = {
				ALWAYS_EMBED_SWIFT_STANDARD_LIBRARIES = YES;
				BUNDLE_LOADER = "$(TEST_HOST)";
				CODE_SIGN_STYLE = Automatic;
				CURRENT_PROJECT_VERSION = 1;
				DEVELOPMENT_TEAM = H9WARS8UA5;
				GENERATE_INFOPLIST_FILE = YES;
				IPHONEOS_DEPLOYMENT_TARGET = 16.4;
				MARKETING_VERSION = 1.0;
				PRODUCT_BUNDLE_IDENTIFIER = com.murasdev.testTests;
				PRODUCT_NAME = "$(TARGET_NAME)";
				SWIFT_EMIT_LOC_STRINGS = NO;
				SWIFT_VERSION = 5.0;
				TARGETED_DEVICE_FAMILY = "1,2";
				TEST_HOST = "$(BUILT_PRODUCTS_DIR)/test.app/$(BUNDLE_EXECUTABLE_FOLDER_PATH)/test";
			};
			name = Release;
		};
		890D84B22AA29F8700F1613D /* Debug */ = {
			isa = XCBuildConfiguration;
			buildSettings = {
				ALWAYS_EMBED_SWIFT_STANDARD_LIBRARIES = YES;
				CODE_SIGN_STYLE = Automatic;
				CURRENT_PROJECT_VERSION = 1;
				DEVELOPMENT_TEAM = H9WARS8UA5;
				GENERATE_INFOPLIST_FILE = YES;
				MARKETING_VERSION = 1.0;
				PRODUCT_BUNDLE_IDENTIFIER = com.murasdev.testUITests;
				PRODUCT_NAME = "$(TARGET_NAME)";
				SWIFT_EMIT_LOC_STRINGS = NO;
				SWIFT_VERSION = 5.0;
				TARGETED_DEVICE_FAMILY = "1,2";
				TEST_TARGET_NAME = test;
			};
			name = Debug;
		};
		890D84B32AA29F8700F1613D /* Release */ = {
			isa = XCBuildConfiguration;
			buildSettings = {
				ALWAYS_EMBED_SWIFT_STANDARD_LIBRARIES = YES;
				CODE_SIGN_STYLE = Automatic;
				CURRENT_PROJECT_VERSION = 1;
				DEVELOPMENT_TEAM = H9WARS8UA5;
				GENERATE_INFOPLIST_FILE = YES;
				MARKETING_VERSION = 1.0;
				PRODUCT_BUNDLE_IDENTIFIER = com.murasdev.testUITests;
				PRODUCT_NAME = "$(TARGET_NAME)";
				SWIFT_EMIT_LOC_STRINGS = NO;
				SWIFT_VERSION = 5.0;
				TARGETED_DEVICE_FAMILY = "1,2";
				TEST_TARGET_NAME = test;
			};
			name = Release;
		};
/* End XCBuildConfiguration section */

/* Begin XCConfigurationList section */
		890D847C2AA29F8400F1613D /* Build configuration list for PBXProject "test" */ = {
			isa = XCConfigurationList;
			buildConfigurations = (
				890D84A92AA29F8700F1613D /* Debug */,
				890D84AA2AA29F8700F1613D /* Release */,
			);
			defaultConfigurationIsVisible = 0;
			defaultConfigurationName = Release;
		};
		890D84AB2AA29F8700F1613D /* Build configuration list for PBXNativeTarget "test" */ = {
			isa = XCConfigurationList;
			buildConfigurations = (
				890D84AC2AA29F8700F1613D /* Debug */,
				890D84AD2AA29F8700F1613D /* Release */,
			);
			defaultConfigurationIsVisible = 0;
			defaultConfigurationName = Release;
		};
		890D84AE2AA29F8700F1613D /* Build configuration list for PBXNativeTarget "testTests" */ = {
			isa = XCConfigurationList;
			buildConfigurations = (
				890D84AF2AA29F8700F1613D /* Debug */,
				890D84B02AA29F8700F1613D /* Release */,
			);
			defaultConfigurationIsVisible = 0;
			defaultConfigurationName = Release;
		};
		890D84B12AA29F8700F1613D /* Build configuration list for PBXNativeTarget "testUITests" */ = {
			isa = XCConfigurationList;
			buildConfigurations = (
				890D84B22AA29F8700F1613D /* Debug */,
				890D84B32AA29F8700F1613D /* Release */,
			);
			defaultConfigurationIsVisible = 0;
			defaultConfigurationName = Release;
		};
/* End XCConfigurationList section */
	};
	rootObject = 890D84792AA29F8400F1613D /* Project object */;
}
